<?xml version="1.0" encoding="utf-8"?>
<Project ToolsVersion="4.0" xmlns="http://schemas.microsoft.com/developer/msbuild/2003">
  <ItemGroup>
    <Filter Include="main">
      <UniqueIdentifier>{76d64b37-92a3-4807-a415-b93590506bd2}</UniqueIdentifier>
    </Filter>
    <Filter Include="main\리소스 파일">
      <UniqueIdentifier>{67DA6AB6-F800-4c08-8B7A-83BB121AAD01}</UniqueIdentifier>
      <Extensions>rc;ico;cur;bmp;dlg;rc2;rct;bin;rgs;gif;jpg;jpeg;jpe;resx;tiff;tif;png;wav;mfcribbon-ms</Extensions>
    </Filter>
    <Filter Include="Engine">
      <UniqueIdentifier>{b67e3529-4da7-479c-9381-b3d6a28a0d11}</UniqueIdentifier>
    </Filter>
    <Filter Include="Engine\Common">
      <UniqueIdentifier>{3c008eeb-551d-46b3-b184-88553c898c1d}</UniqueIdentifier>
    </Filter>
    <Filter Include="Engine\highLevelInterface">
      <UniqueIdentifier>{a30ec551-9bc5-4ea3-9632-cefc5e731e09}</UniqueIdentifier>
    </Filter>
    <Filter Include="Engine\Manager">
      <UniqueIdentifier>{59538575-e2d8-4dfc-86c3-85034367175a}</UniqueIdentifier>
    </Filter>
    <Filter Include="Engine\GameObject">
      <UniqueIdentifier>{3e3c1991-6e0e-4694-aeae-d46e2b15f8d9}</UniqueIdentifier>
    </Filter>
    <Filter Include="Engine\Scene">
      <UniqueIdentifier>{7fcbdca1-295a-4837-8668-a50ec9525ad9}</UniqueIdentifier>
    </Filter>
    <Filter Include="Engine\GameObject\Base">
      <UniqueIdentifier>{f7a98aa3-bb54-4cd0-a9a8-9f9eeebbff6c}</UniqueIdentifier>
    </Filter>
    <Filter Include="Engine\Scene\Base">
      <UniqueIdentifier>{d6f00d2f-7e92-4917-beda-e6e88d95d6d3}</UniqueIdentifier>
    </Filter>
    <Filter Include="Engine\Resources">
      <UniqueIdentifier>{5f2c4f1f-ee46-4506-a880-6997423dee66}</UniqueIdentifier>
    </Filter>
    <Filter Include="Engine\Resources\Base">
      <UniqueIdentifier>{89c823bc-dead-4e8d-93cd-0f257f82724c}</UniqueIdentifier>
    </Filter>
    <Filter Include="Engine\Component">
      <UniqueIdentifier>{feb686d7-bfda-4543-9d6a-833fdb25e89a}</UniqueIdentifier>
    </Filter>
    <Filter Include="Engine\Component\Base">
      <UniqueIdentifier>{8093b12e-7a10-4f89-a755-09594707e3aa}</UniqueIdentifier>
    </Filter>
    <Filter Include="Engine\GameObject\Enemy">
      <UniqueIdentifier>{694728b2-8d70-42d9-9f1e-4d1fba8f5c17}</UniqueIdentifier>
    </Filter>
    <Filter Include="Engine\GameObject\Item">
      <UniqueIdentifier>{cd5fd5ae-7b79-4a13-a58d-5d2e4aab2eb3}</UniqueIdentifier>
    </Filter>
    <Filter Include="Engine\Scene\Mission">
      <UniqueIdentifier>{e22f0530-5ab1-4aa0-9a08-47b175db745f}</UniqueIdentifier>
    </Filter>
    <Filter Include="Engine\GameObject\Game">
      <UniqueIdentifier>{ce46eb91-26dc-4517-9923-0b001b365d10}</UniqueIdentifier>
    </Filter>
    <Filter Include="Engine\GameObject\UI">
      <UniqueIdentifier>{e214d099-b1dc-4c4a-94fa-94f3750c94dc}</UniqueIdentifier>
    </Filter>
    <Filter Include="Engine\GameObject\UI\Base">
      <UniqueIdentifier>{a44ec48c-7a75-4a0e-a144-5d07811c1140}</UniqueIdentifier>
    </Filter>
    <Filter Include="Engine\GameObject\Hostage">
      <UniqueIdentifier>{7dd015b8-1a07-47bc-b357-9e836f7dedaf}</UniqueIdentifier>
    </Filter>
    <Filter Include="x">
      <UniqueIdentifier>{95e1199c-03d1-4493-9762-b9dbf2aed976}</UniqueIdentifier>
    </Filter>
    <Filter Include="Engine\GameObject\Image">
      <UniqueIdentifier>{3168afd1-2616-40bc-9514-ef413f299467}</UniqueIdentifier>
    </Filter>
  </ItemGroup>
  <ItemGroup>
    <ClInclude Include="Common.h">
      <Filter>Engine\Common</Filter>
    </ClInclude>
    <ClInclude Include="Maths.h">
      <Filter>Engine\Common</Filter>
    </ClInclude>
    <ClInclude Include="def.h">
      <Filter>Engine\Common</Filter>
    </ClInclude>
    <ClInclude Include="framework.h">
      <Filter>main</Filter>
    </ClInclude>
    <ClInclude Include="Resource.h">
      <Filter>main</Filter>
    </ClInclude>
    <ClInclude Include="targetver.h">
      <Filter>main</Filter>
    </ClInclude>
    <ClInclude Include="WindowsAPI.h">
      <Filter>main</Filter>
    </ClInclude>
    <ClInclude Include="yaApplication.h">
      <Filter>Engine\highLevelInterface</Filter>
    </ClInclude>
    <ClInclude Include="yaEntity.h">
      <Filter>Engine\Common</Filter>
    </ClInclude>
    <ClInclude Include="yaGameObject.h">
      <Filter>Engine\GameObject\Base</Filter>
    </ClInclude>
    <ClInclude Include="yaInput.h">
      <Filter>Engine\Manager</Filter>
    </ClInclude>
    <ClInclude Include="yaScene.h">
      <Filter>Engine\Scene\Base</Filter>
    </ClInclude>
    <ClInclude Include="yaSceneManager.h">
      <Filter>Engine\Manager</Filter>
    </ClInclude>
    <ClInclude Include="yaTime.h">
      <Filter>Engine\Manager</Filter>
    </ClInclude>
    <ClInclude Include="yaResources.h">
      <Filter>Engine\Manager</Filter>
    </ClInclude>
    <ClInclude Include="yaResource.h">
      <Filter>Engine\Resources\Base</Filter>
    </ClInclude>
    <ClInclude Include="yaImage.h">
      <Filter>Engine\Resources</Filter>
    </ClInclude>
    <ClInclude Include="yaPlayScene.h">
      <Filter>Engine\Scene</Filter>
    </ClInclude>
    <ClInclude Include="yaComponent.h">
      <Filter>Engine\Component\Base</Filter>
    </ClInclude>
    <ClInclude Include="yaCollider.h">
      <Filter>Engine\Component</Filter>
    </ClInclude>
    <ClInclude Include="yaAnimator.h">
      <Filter>Engine\Component</Filter>
    </ClInclude>
    <ClInclude Include="yaEndScene.h">
      <Filter>Engine\Scene</Filter>
    </ClInclude>
    <ClInclude Include="yaCollisionManager.h">
      <Filter>Engine\Manager</Filter>
    </ClInclude>
    <ClInclude Include="yaAnimation.h">
      <Filter>Engine\Component</Filter>
    </ClInclude>
    <ClInclude Include="yaCamera.h">
      <Filter>Engine\Manager</Filter>
    </ClInclude>
    <ClInclude Include="yaMission1Scene.h">
      <Filter>Engine\Scene\Mission</Filter>
    </ClInclude>
    <ClInclude Include="yaChewmein.h">
      <Filter>Engine\GameObject\Enemy</Filter>
    </ClInclude>
    <ClInclude Include="yaRock.h">
      <Filter>Engine\GameObject\Game</Filter>
    </ClInclude>
    <ClInclude Include="yaBackpack.h">
      <Filter>Engine\GameObject\Game</Filter>
    </ClInclude>
    <ClInclude Include="yaEffect.h">
      <Filter>Engine\GameObject\Game</Filter>
    </ClInclude>
    <ClInclude Include="yaMissile.h">
      <Filter>Engine\GameObject\Game</Filter>
    </ClInclude>
    <ClInclude Include="yaMonster.h">
      <Filter>Engine\GameObject\Game</Filter>
    </ClInclude>
    <ClInclude Include="yaPlayer.h">
      <Filter>Engine\GameObject\Game</Filter>
    </ClInclude>
    <ClInclude Include="yaUIManager.h">
      <Filter>Engine\Manager</Filter>
    </ClInclude>
    <ClInclude Include="yaUIBase.h">
      <Filter>Engine\GameObject\UI\Base</Filter>
    </ClInclude>
    <ClInclude Include="yaRigidbody.h">
      <Filter>Engine\Component</Filter>
    </ClInclude>
    <ClInclude Include="yaCharacterSelectScene.h">
      <Filter>Engine\Scene</Filter>
    </ClInclude>
    <ClInclude Include="yaGround.h">
      <Filter>Engine\GameObject\Game</Filter>
    </ClInclude>
    <ClInclude Include="yaHostage.h">
      <Filter>Engine\GameObject\Hostage</Filter>
    </ClInclude>
    <ClInclude Include="yaLogoScene.h">
      <Filter>Engine\Scene</Filter>
    </ClInclude>
    <ClInclude Include="yaImageObject.h">
      <Filter>Engine\GameObject\Image</Filter>
    </ClInclude>
    <ClInclude Include="yaPixelImageObject.h">
      <Filter>Engine\GameObject\Image</Filter>
    </ClInclude>
    <ClInclude Include="yaBgImageObject.h">
      <Filter>x</Filter>
    </ClInclude>
    <ClInclude Include="yaTitleScene.h">
      <Filter>x</Filter>
    </ClInclude>
  </ItemGroup>
  <ItemGroup>
    <ClCompile Include="main.cpp">
      <Filter>main</Filter>
    </ClCompile>
    <ClCompile Include="yaApplication.cpp">
      <Filter>Engine\highLevelInterface</Filter>
    </ClCompile>
    <ClCompile Include="yaEntity.cpp">
      <Filter>Engine\Common</Filter>
    </ClCompile>
    <ClCompile Include="yaGameObject.cpp">
      <Filter>Engine\GameObject\Base</Filter>
    </ClCompile>
    <ClCompile Include="yaInput.cpp">
      <Filter>Engine\Manager</Filter>
    </ClCompile>
    <ClCompile Include="yaScene.cpp">
      <Filter>Engine\Scene\Base</Filter>
    </ClCompile>
    <ClCompile Include="yaSceneManager.cpp">
      <Filter>Engine\Manager</Filter>
    </ClCompile>
    <ClCompile Include="yaTime.cpp">
      <Filter>Engine\Manager</Filter>
    </ClCompile>
    <ClCompile Include="yaResources.cpp">
      <Filter>Engine\Manager</Filter>
    </ClCompile>
    <ClCompile Include="yaResource.cpp">
      <Filter>Engine\Resources\Base</Filter>
    </ClCompile>
    <ClCompile Include="yaImage.cpp">
      <Filter>Engine\Resources</Filter>
    </ClCompile>
    <ClCompile Include="yaPlayScene.cpp">
      <Filter>Engine\Scene</Filter>
    </ClCompile>
    <ClCompile Include="yaComponent.cpp">
      <Filter>Engine\Component\Base</Filter>
    </ClCompile>
    <ClCompile Include="Maths.cpp">
      <Filter>Engine\Common</Filter>
    </ClCompile>
    <ClCompile Include="yaAnimator.cpp">
      <Filter>Engine\Component</Filter>
    </ClCompile>
    <ClCompile Include="yaCollider.cpp">
      <Filter>Engine\Component</Filter>
    </ClCompile>
    <ClCompile Include="yaEndScene.cpp">
      <Filter>Engine\Scene</Filter>
    </ClCompile>
    <ClCompile Include="yaCollisionManager.cpp">
      <Filter>Engine\Manager</Filter>
    </ClCompile>
    <ClCompile Include="yaObject.h">
      <Filter>Engine\Common</Filter>
    </ClCompile>
    <ClCompile Include="yaAnimation.cpp">
      <Filter>Engine\Component</Filter>
    </ClCompile>
    <ClCompile Include="yaCamera.cpp">
      <Filter>Engine\Manager</Filter>
    </ClCompile>
    <ClCompile Include="yaMission1Scene.cpp">
      <Filter>Engine\Scene\Mission</Filter>
    </ClCompile>
    <ClCompile Include="yaChewmein.cpp">
      <Filter>Engine\GameObject\Enemy</Filter>
    </ClCompile>
    <ClCompile Include="yaBackpack.cpp">
      <Filter>Engine\GameObject\Game</Filter>
    </ClCompile>
    <ClCompile Include="yaEffect.cpp">
      <Filter>Engine\GameObject\Game</Filter>
    </ClCompile>
    <ClCompile Include="yaMissile.cpp">
      <Filter>Engine\GameObject\Game</Filter>
    </ClCompile>
    <ClCompile Include="yaMonster.cpp">
      <Filter>Engine\GameObject\Game</Filter>
    </ClCompile>
    <ClCompile Include="yaPlayer.cpp">
      <Filter>Engine\GameObject\Game</Filter>
    </ClCompile>
    <ClCompile Include="yaRock.cpp">
      <Filter>Engine\GameObject\Game</Filter>
    </ClCompile>
    <ClCompile Include="yaUIManager.cpp">
      <Filter>Engine\Manager</Filter>
    </ClCompile>
    <ClCompile Include="yaUIBase.cpp">
      <Filter>Engine\GameObject\UI\Base</Filter>
    </ClCompile>
    <ClCompile Include="yaRigidbody.cpp">
      <Filter>Engine\Component</Filter>
    </ClCompile>
    <ClCompile Include="yaCharacterSelectScene.cpp">
      <Filter>Engine\Scene</Filter>
    </ClCompile>
    <ClCompile Include="yaGround.cpp">
      <Filter>Engine\GameObject\Game</Filter>
    </ClCompile>
    <ClCompile Include="yaHostage.cpp">
      <Filter>Engine\GameObject\Hostage</Filter>
    </ClCompile>
    <ClCompile Include="yaLogoScene.cpp">
      <Filter>Engine\Scene</Filter>
    </ClCompile>
    <ClCompile Include="yaImageObject.cpp">
      <Filter>Engine\GameObject\Image</Filter>
    </ClCompile>
    <ClCompile Include="yaPixelImageObject.cpp">
      <Filter>Engine\GameObject\Image</Filter>
    </ClCompile>
    <ClCompile Include="yaBgImageObject.cpp">
      <Filter>x</Filter>
    </ClCompile>
    <ClCompile Include="yaTitleScene.cpp">
      <Filter>x</Filter>
    </ClCompile>
  </ItemGroup>
  <ItemGroup>
    <ResourceCompile Include="WindowsAPI.rc">
      <Filter>main\리소스 파일</Filter>
    </ResourceCompile>
  </ItemGroup>
  <ItemGroup>
    <Image Include="small.ico">
      <Filter>main\리소스 파일</Filter>
    </Image>
    <Image Include="WindowsAPI.ico">
      <Filter>main\리소스 파일</Filter>
    </Image>
  </ItemGroup>
</Project>